// !$*UTF8*$!
{
	archiveVersion = 1;
	classes = {
	};
	objectVersion = 50;
	objects = {

/* Begin PBXBuildFile section */
		25129A5920D1B3390018FAF5 /* AppDelegate.swift in Sources */ = {isa = PBXBuildFile; fileRef = 25129A5820D1B3390018FAF5 /* AppDelegate.swift */; };
		25129A5B20D1B3390018FAF5 /* art.scnassets in Resources */ = {isa = PBXBuildFile; fileRef = 25129A5A20D1B3390018FAF5 /* art.scnassets */; };
		25129A5D20D1B3390018FAF5 /* ViewController.swift in Sources */ = {isa = PBXBuildFile; fileRef = 25129A5C20D1B3390018FAF5 /* ViewController.swift */; };
		25129A6020D1B3390018FAF5 /* Main.storyboard in Resources */ = {isa = PBXBuildFile; fileRef = 25129A5E20D1B3390018FAF5 /* Main.storyboard */; };
		25129A6220D1B33E0018FAF5 /* Assets.xcassets in Resources */ = {isa = PBXBuildFile; fileRef = 25129A6120D1B33E0018FAF5 /* Assets.xcassets */; };
		25129A6520D1B33E0018FAF5 /* LaunchScreen.storyboard in Resources */ = {isa = PBXBuildFile; fileRef = 25129A6320D1B33E0018FAF5 /* LaunchScreen.storyboard */; };
/* End PBXBuildFile section */

/* Begin PBXFileReference section */
		25129A5520D1B3390018FAF5 /* ArraPolyViewTest.app */ = {isa = PBXFileReference; explicitFileType = wrapper.application; includeInIndex = 0; path = ArraPolyViewTest.app; sourceTree = BUILT_PRODUCTS_DIR; };
		25129A5820D1B3390018FAF5 /* AppDelegate.swift */ = {isa = PBXFileReference; lastKnownFileType = sourcecode.swift; path = AppDelegate.swift; sourceTree = "<group>"; };
		25129A5A20D1B3390018FAF5 /* art.scnassets */ = {isa = PBXFileReference; lastKnownFileType = wrapper.scnassets; path = art.scnassets; sourceTree = "<group>"; };
		25129A5C20D1B3390018FAF5 /* ViewController.swift */ = {isa = PBXFileReference; lastKnownFileType = sourcecode.swift; path = ViewController.swift; sourceTree = "<group>"; };
		25129A5F20D1B3390018FAF5 /* Base */ = {isa = PBXFileReference; lastKnownFileType = file.storyboard; name = Base; path = Base.lproj/Main.storyboard; sourceTree = "<group>"; };
		25129A6120D1B33E0018FAF5 /* Assets.xcassets */ = {isa = PBXFileReference; lastKnownFileType = folder.assetcatalog; path = Assets.xcassets; sourceTree = "<group>"; };
		25129A6420D1B33E0018FAF5 /* Base */ = {isa = PBXFileReference; lastKnownFileType = file.storyboard; name = Base; path = Base.lproj/LaunchScreen.storyboard; sourceTree = "<group>"; };
		25129A6620D1B33E0018FAF5 /* Info.plist */ = {isa = PBXFileReference; lastKnownFileType = text.plist.xml; path = Info.plist; sourceTree = "<group>"; };
/* End PBXFileReference section */

/* Begin PBXFrameworksBuildPhase section */
		25129A5220D1B3390018FAF5 /* Frameworks */ = {
			isa = PBXFrameworksBuildPhase;
			buildActionMask = 2147483647;
			files = (
			);
			runOnlyForDeploymentPostprocessing = 0;
		};
/* End PBXFrameworksBuildPhase section */

/* Begin PBXGroup section */
		25129A4C20D1B3390018FAF5 = {
			isa = PBXGroup;
			children = (
				25129A5720D1B3390018FAF5 /* ArraPolyViewTest */,
				25129A5620D1B3390018FAF5 /* Products */,
			);
			sourceTree = "<group>";
		};
		25129A5620D1B3390018FAF5 /* Products */ = {
			isa = PBXGroup;
			children = (
				25129A5520D1B3390018FAF5 /* ArraPolyViewTest.app */,
			);
			name = Products;
			sourceTree = "<group>";
		};
		25129A5720D1B3390018FAF5 /* ArraPolyViewTest */ = {
			isa = PBXGroup;
			children = (
				25129A5820D1B3390018FAF5 /* AppDelegate.swift */,
				25129A5A20D1B3390018FAF5 /* art.scnassets */,
				25129A5C20D1B3390018FAF5 /* ViewController.swift */,
				25129A5E20D1B3390018FAF5 /* Main.storyboard */,
				25129A6120D1B33E0018FAF5 /* Assets.xcassets */,
				25129A6320D1B33E0018FAF5 /* LaunchScreen.storyboard */,
				25129A6620D1B33E0018FAF5 /* Info.plist */,
			);
			path = ArraPolyViewTest;
			sourceTree = "<group>";
		};
/* End PBXGroup section */

/* Begin PBXNativeTarget section */
		25129A5420D1B3390018FAF5 /* ArraPolyViewTest */ = {
			isa = PBXNativeTarget;
			buildConfigurationList = 25129A6920D1B33E0018FAF5 /* Build configuration list for PBXNativeTarget "ArraPolyViewTest" */;
			buildPhases = (
				25129A5120D1B3390018FAF5 /* Sources */,
				25129A5220D1B3390018FAF5 /* Frameworks */,
				25129A5320D1B3390018FAF5 /* Resources */,
			);
			buildRules = (
			);
			dependencies = (
			);
			name = ArraPolyViewTest;
			productName = ArraPolyViewTest;
			productReference = 25129A5520D1B3390018FAF5 /* ArraPolyViewTest.app */;
			productType = "com.apple.product-type.application";
		};
/* End PBXNativeTarget section */

/* Begin PBXProject section */
		25129A4D20D1B3390018FAF5 /* Project object */ = {
			isa = PBXProject;
			attributes = {
				LastSwiftUpdateCheck = 1000;
				LastUpgradeCheck = 1000;
				ORGANIZATIONNAME = "Suraj Roy";
				TargetAttributes = {
					25129A5420D1B3390018FAF5 = {
						CreatedOnToolsVersion = 10.0;
					};
				};
			};
			buildConfigurationList = 25129A5020D1B3390018FAF5 /* Build configuration list for PBXProject "ArraPolyViewTest" */;
			compatibilityVersion = "Xcode 9.3";
			developmentRegion = en;
			hasScannedForEncodings = 0;
			knownRegions = (
				en,
				Base,
			);
			mainGroup = 25129A4C20D1B3390018FAF5;
			productRefGroup = 25129A5620D1B3390018FAF5 /* Products */;
			projectDirPath = "";
			projectRoot = "";
			targets = (
				25129A5420D1B3390018FAF5 /* ArraPolyViewTest */,
			);
		};
/* End PBXProject section */

/* Begin PBXResourcesBuildPhase section */
		25129A5320D1B3390018FAF5 /* Resources */ = {
			isa = PBXResourcesBuildPhase;
			buildActionMask = 2147483647;
			files = (
				25129A5B20D1B3390018FAF5 /* art.scnassets in Resources */,
				25129A6520D1B33E0018FAF5 /* LaunchScreen.storyboard in Resources */,
				25129A6220D1B33E0018FAF5 /* Assets.xcassets in Resources */,
				25129A6020D1B3390018FAF5 /* Main.storyboard in Resources */,
			);
			runOnlyForDeploymentPostprocessing = 0;
		};
/* End PBXResourcesBuildPhase section */

/* Begin PBXSourcesBuildPhase section */
		25129A5120D1B3390018FAF5 /* Sources */ = {
			isa = PBXSourcesBuildPhase;
			buildActionMask = 2147483647;
			files = (
				25129A5D20D1B3390018FAF5 /* ViewController.swift in Sources */,
				25129A5920D1B3390018FAF5 /* AppDelegate.swift in Sources */,
			);
			runOnlyForDeploymentPostprocessing = 0;
		};
/* End PBXSourcesBuildPhase section */

/* Begin PBXVariantGroup section */
		25129A5E20D1B3390018FAF5 /* Main.storyboard */ = {
			isa = PBXVariantGroup;
			children = (
				25129A5F20D1B3390018FAF5 /* Base */,
			);
			name = Main.storyboard;
			sourceTree = "<group>";
		};
		25129A6320D1B33E0018FAF5 /* LaunchScreen.storyboard */ = {
			isa = PBXVariantGroup;
			children = (
				25129A6420D1B33E0018FAF5 /* Base */,
			);
			name = LaunchScreen.storyboard;
			sourceTree = "<group>";
		};
/* End PBXVariantGroup section */

/* Begin XCBuildConfiguration section */
		25129A6720D1B33E0018FAF5 /* Debug */ = {
			isa = XCBuildConfiguration;
			buildSettings = {
				ALWAYS_SEARCH_USER_PATHS = NO;
				CLANG_ANALYZER_NONNULL = YES;
				CLANG_ANALYZER_NUMBER_OBJECT_CONVERSION = YES_AGGRESSIVE;
				CLANG_CXX_LANGUAGE_STANDARD = "gnu++14";
				CLANG_CXX_LIBRARY = "libc++";
				CLANG_ENABLE_MODULES = YES;
				CLANG_ENABLE_OBJC_ARC = YES;
				CLANG_ENABLE_OBJC_WEAK = YES;
				CLANG_WARN_BLOCK_CAPTURE_AUTORELEASING = YES;
				CLANG_WARN_BOOL_CONVERSION = YES;
				CLANG_WARN_COMMA = YES;
				CLANG_WARN_CONSTANT_CONVERSION = YES;
				CLANG_WARN_DEPRECATED_OBJC_IMPLEMENTATIONS = YES;
				CLANG_WARN_DIRECT_OBJC_ISA_USAGE = YES_ERROR;
				CLANG_WARN_DOCUMENTATION_COMMENTS = YES;
				CLANG_WARN_EMPTY_BODY = YES;
				CLANG_WARN_ENUM_CONVERSION = YES;
				CLANG_WARN_INFINITE_RECURSION = YES;
				CLANG_WARN_INT_CONVERSION = YES;
				CLANG_WARN_NON_LITERAL_NULL_CONVERSION = YES;
				CLANG_WARN_OBJC_IMPLICIT_RETAIN_SELF = YES;
				CLANG_WARN_OBJC_LITERAL_CONVERSION = YES;
				CLANG_WARN_OBJC_ROOT_CLASS = YES_ERROR;
				CLANG_WARN_RANGE_LOOP_ANALYSIS = YES;
				CLANG_WARN_STRICT_PROTOTYPES = YES;
				CLANG_WARN_SUSPICIOUS_MOVE = YES;
				CLANG_WARN_UNGUARDED_AVAILABILITY = YES_AGGRESSIVE;
				CLANG_WARN_UNREACHABLE_CODE = YES;
				CLANG_WARN__DUPLICATE_METHOD_MATCH = YES;
				CODE_SIGN_IDENTITY = "iPhone Developer";
				COPY_PHASE_STRIP = NO;
				DEBUG_INFORMATION_FORMAT = dwarf;
				ENABLE_STRICT_OBJC_MSGSEND = YES;
				ENABLE_TESTABILITY = YES;
				GCC_C_LANGUAGE_STANDARD = gnu11;
				GCC_DYNAMIC_NO_PIC = NO;
				GCC_NO_COMMON_BLOCKS = YES;
				GCC_OPTIMIZATION_LEVEL = 0;
				GCC_PREPROCESSOR_DEFINITIONS = (
					"DEBUG=1",
					"$(inherited)",
				);
				GCC_WARN_64_TO_32_BIT_CONVERSION = YES;
				GCC_WARN_ABOUT_RETURN_TYPE = YES_ERROR;
				GCC_WARN_UNDECLARED_SELECTOR = YES;
				GCC_WARN_UNINITIALIZED_AUTOS = YES_AGGRESSIVE;
				GCC_WARN_UNUSED_FUNCTION = YES;
				GCC_WARN_UNUSED_VARIABLE = YES;
				IPHONEOS_DEPLOYMENT_TARGET = 12.0;
				MTL_ENABLE_DEBUG_INFO = INCLUDE_SOURCE;
				ONLY_ACTIVE_ARCH = YES;
				SDKROOT = iphoneos;
				SWIFT_ACTIVE_COMPILATION_CONDITIONS = DEBUG;
				SWIFT_OPTIMIZATION_LEVEL = "-Onone";
			};
			name = Debug;
		};
		25129A6820D1B33E0018FAF5 /* Release */ = {
			isa = XCBuildConfiguration;
			buildSettings = {
				ALWAYS_SEARCH_USER_PATHS = NO;
				CLANG_ANALYZER_NONNULL = YES;
				CLANG_ANALYZER_NUMBER_OBJECT_CONVERSION = YES_AGGRESSIVE;
				CLANG_CXX_LANGUAGE_STANDARD = "gnu++14";
				CLANG_CXX_LIBRARY = "libc++";
				CLANG_ENABLE_MODULES = YES;
				CLANG_ENABLE_OBJC_ARC = YES;
				CLANG_ENABLE_OBJC_WEAK = YES;
				CLANG_WARN_BLOCK_CAPTURE_AUTORELEASING = YES;
				CLANG_WARN_BOOL_CONVERSION = YES;
				CLANG_WARN_COMMA = YES;
				CLANG_WARN_CONSTANT_CONVERSION = YES;
				CLANG_WARN_DEPRECATED_OBJC_IMPLEMENTATIONS = YES;
				CLANG_WARN_DIRECT_OBJC_ISA_USAGE = YES_ERROR;
				CLANG_WARN_DOCUMENTATION_COMMENTS = YES;
				CLANG_WARN_EMPTY_BODY = YES;
				CLANG_WARN_ENUM_CONVERSION = YES;
				CLANG_WARN_INFINITE_RECURSION = YES;
				CLANG_WARN_INT_CONVERSION = YES;
				CLANG_WARN_NON_LITERAL_NULL_CONVERSION = YES;
				CLANG_WARN_OBJC_IMPLICIT_RETAIN_SELF = YES;
				CLANG_WARN_OBJC_LITERAL_CONVERSION = YES;
				CLANG_WARN_OBJC_ROOT_CLASS = YES_ERROR;
				CLANG_WARN_RANGE_LOOP_ANALYSIS = YES;
				CLANG_WARN_STRICT_PROTOTYPES = YES;
				CLANG_WARN_SUSPICIOUS_MOVE = YES;
				CLANG_WARN_UNGUARDED_AVAILABILITY = YES_AGGRESSIVE;
				CLANG_WARN_UNREACHABLE_CODE = YES;
				CLANG_WARN__DUPLICATE_METHOD_MATCH = YES;
				CODE_SIGN_IDENTITY = "iPhone Developer";
				COPY_PHASE_STRIP = NO;
				DEBUG_INFORMATION_FORMAT = "dwarf-with-dsym";
				ENABLE_NS_ASSERTIONS = NO;
				ENABLE_STRICT_OBJC_MSGSEND = YES;
				GCC_C_LANGUAGE_STANDARD = gnu11;
				GCC_NO_COMMON_BLOCKS = YES;
				GCC_WARN_64_TO_32_BIT_CONVERSION = YES;
				GCC_WARN_ABOUT_RETURN_TYPE = YES_ERROR;
				GCC_WARN_UNDECLARED_SELECTOR = YES;
				GCC_WARN_UNINITIALIZED_AUTOS = YES_AGGRESSIVE;
				GCC_WARN_UNUSED_FUNCTION = YES;
				GCC_WARN_UNUSED_VARIABLE = YES;
				IPHONEOS_DEPLOYMENT_TARGET = 12.0;
				MTL_ENABLE_DEBUG_INFO = NO;
				SDKROOT = iphoneos;
				SWIFT_COMPILATION_MODE = wholemodule;
				SWIFT_OPTIMIZATION_LEVEL = "-O";
				VALIDATE_PRODUCT = YES;
			};
			name = Release;
		};
		25129A6A20D1B33E0018FAF5 /* Debug */ = {
			isa = XCBuildConfiguration;
			buildSettings = {
				ASSETCATALOG_COMPILER_APPICON_NAME = AppIcon;
				CODE_SIGN_STYLE = Automatic;
				DEVELOPMENT_TEAM = AC49XN46JF;
				INFOPLIST_FILE = ArraPolyViewTest/Info.plist;
				LD_RUNPATH_SEARCH_PATHS = (
					"$(inherited)",
					"@executable_path/Frameworks",
				);
				PRODUCT_BUNDLE_IDENTIFIER = com.SRoy.ArraPolyViewTest;
				PRODUCT_NAME = "$(TARGET_NAME)";
				SWIFT_VERSION = 4.2;
				TARGETED_DEVICE_FAMILY = "1,2";
			};
			name = Debug;
		};
		25129A6B20D1B33E0018FAF5 /* Release */ = {
			isa = XCBuildConfiguration;
			buildSettings = {
				ASSETCATALOG_COMPILER_APPICON_NAME = AppIcon;
				CODE_SIGN_STYLE = Automatic;
				DEVELOPMENT_TEAM = AC49XN46JF;
				INFOPLIST_FILE = ArraPolyViewTest/Info.plist;
				LD_RUNPATH_SEARCH_PATHS = (
					"$(inherited)",
					"@executable_path/Frameworks",
				);
				PRODUCT_BUNDLE_IDENTIFIER = com.SRoy.ArraPolyViewTest;
				PRODUCT_NAME = "$(TARGET_NAME)";
				SWIFT_VERSION = 4.2;
				TARGETED_DEVICE_FAMILY = "1,2";
			};
			name = Release;
		};
/* End XCBuildConfiguration section */

/* Begin XCConfigurationList section */
		25129A5020D1B3390018FAF5 /* Build configuration list for PBXProject "ArraPolyViewTest" */ = {
			isa = XCConfigurationList;
			buildConfigurations = (
				25129A6720D1B33E0018FAF5 /* Debug */,
				25129A6820D1B33E0018FAF5 /* Release */,
			);
			defaultConfigurationIsVisible = 0;
			defaultConfigurationName = Release;
		};
		25129A6920D1B33E0018FAF5 /* Build configuration list for PBXNativeTarget "ArraPolyViewTest" */ = {
			isa = XCConfigurationList;
			buildConfigurations = (
				25129A6A20D1B33E0018FAF5 /* Debug */,
				25129A6B20D1B33E0018FAF5 /* Release */,
			);
			defaultConfigurationIsVisible = 0;
			defaultConfigurationName = Release;
		};
/* End XCConfigurationList section */
	};
	rootObject = 25129A4D20D1B3390018FAF5 /* Project object */;
}
